
Microsoft Visual Studio Solution File, Format Version 12.00
# Visual Studio Version 17
VisualStudioVersion = 17.11.35222.181
MinimumVisualStudioVersion = 10.0.40219.1
Project("{FAE04EC0-301F-11D3-BF4B-00C04F79EFBC}") = "CSProjeDemo2", "CSProjeDemo2\CSProjeDemo2.csproj", "{10BF9983-BD1B-4B6E-B6E9-368BF94E48C9}"
EndProject
Project("{FAE04EC0-301F-11D3-BF4B-00C04F79EFBC}") = "MaasBordrosuUI", "MaasBordrosuUI\MaasBordrosuUI.csproj", "{1B1E7FEE-556C-4523-9D19-2D2F2BEAE7C2}"
EndProject
Global
	GlobalSection(SolutionConfigurationPlatforms) = preSolution
		Debug|Any CPU = Debug|Any CPU
		Release|Any CPU = Release|Any CPU
	EndGlobalSection
	GlobalSection(ProjectConfigurationPlatforms) = postSolution
		{10BF9983-BD1B-4B6E-B6E9-368BF94E48C9}.Debug|Any CPU.ActiveCfg = Debug|Any CPU
		{10BF9983-BD1B-4B6E-B6E9-368BF94E48C9}.Debug|Any CPU.Build.0 = Debug|Any CPU
		{10BF9983-BD1B-4B6E-B6E9-368BF94E48C9}.Release|Any CPU.ActiveCfg = Release|Any CPU
		{10BF9983-BD1B-4B6E-B6E9-368BF94E48C9}.Release|Any CPU.Build.0 = Release|Any CPU
		{1B1E7FEE-556C-4523-9D19-2D2F2BEAE7C2}.Debug|Any CPU.ActiveCfg = Debug|Any CPU
		{1B1E7FEE-556C-4523-9D19-2D2F2BEAE7C2}.Debug|Any CPU.Build.0 = Debug|Any CPU
		{1B1E7FEE-556C-4523-9D19-2D2F2BEAE7C2}.Release|Any CPU.ActiveCfg = Release|Any CPU
		{1B1E7FEE-556C-4523-9D19-2D2F2BEAE7C2}.Release|Any CPU.Build.0 = Release|Any CPU
	EndGlobalSection
	GlobalSection(SolutionProperties) = preSolution
		HideSolutionNode = FALSE
	EndGlobalSection
	GlobalSection(ExtensibilityGlobals) = postSolution
		SolutionGuid = {2AE7BA90-F380-4624-A32D-54EB28DB8E69}
	EndGlobalSection
EndGlobal
